// !$*UTF8*$!
{
	archiveVersion = 1;
	classes = {
	};
	objectVersion = 50;
	objects = {

/* Begin PBXBuildFile section */
		1ED52D6E263B2C45000229C0 /* AppDelegate.swift in Sources */ = {isa = PBXBuildFile; fileRef = 1ED52D6D263B2C45000229C0 /* AppDelegate.swift */; };
		1ED52D70263B2C45000229C0 /* SceneDelegate.swift in Sources */ = {isa = PBXBuildFile; fileRef = 1ED52D6F263B2C45000229C0 /* SceneDelegate.swift */; };
		1ED52D72263B2C45000229C0 /* ViewController.swift in Sources */ = {isa = PBXBuildFile; fileRef = 1ED52D71263B2C45000229C0 /* ViewController.swift */; };
		1ED52D75263B2C45000229C0 /* Main.storyboard in Resources */ = {isa = PBXBuildFile; fileRef = 1ED52D73263B2C45000229C0 /* Main.storyboard */; };
		1ED52D77263B2C47000229C0 /* Assets.xcassets in Resources */ = {isa = PBXBuildFile; fileRef = 1ED52D76263B2C47000229C0 /* Assets.xcassets */; };
		1ED52D7A263B2C47000229C0 /* LaunchScreen.storyboard in Resources */ = {isa = PBXBuildFile; fileRef = 1ED52D78263B2C47000229C0 /* LaunchScreen.storyboard */; };
		1ED52D85263B2C47000229C0 /* ToDoListTests.swift in Sources */ = {isa = PBXBuildFile; fileRef = 1ED52D84263B2C47000229C0 /* ToDoListTests.swift */; };
		1ED52D90263B2C47000229C0 /* ToDoListUITests.swift in Sources */ = {isa = PBXBuildFile; fileRef = 1ED52D8F263B2C47000229C0 /* ToDoListUITests.swift */; };
/* End PBXBuildFile section */

/* Begin PBXContainerItemProxy section */
		1ED52D81263B2C47000229C0 /* PBXContainerItemProxy */ = {
			isa = PBXContainerItemProxy;
			containerPortal = 1ED52D62263B2C45000229C0 /* Project object */;
			proxyType = 1;
			remoteGlobalIDString = 1ED52D69263B2C45000229C0;
			remoteInfo = ToDoList;
		};
		1ED52D8C263B2C47000229C0 /* PBXContainerItemProxy */ = {
			isa = PBXContainerItemProxy;
			containerPortal = 1ED52D62263B2C45000229C0 /* Project object */;
			proxyType = 1;
			remoteGlobalIDString = 1ED52D69263B2C45000229C0;
			remoteInfo = ToDoList;
		};
/* End PBXContainerItemProxy section */

/* Begin PBXFileReference section */
		1ED52D6A263B2C45000229C0 /* ToDoList.app */ = {isa = PBXFileReference; explicitFileType = wrapper.application; includeInIndex = 0; path = ToDoList.app; sourceTree = BUILT_PRODUCTS_DIR; };
		1ED52D6D263B2C45000229C0 /* AppDelegate.swift */ = {isa = PBXFileReference; lastKnownFileType = sourcecode.swift; path = AppDelegate.swift; sourceTree = "<group>"; };
		1ED52D6F263B2C45000229C0 /* SceneDelegate.swift */ = {isa = PBXFileReference; lastKnownFileType = sourcecode.swift; path = SceneDelegate.swift; sourceTree = "<group>"; };
		1ED52D71263B2C45000229C0 /* ViewController.swift */ = {isa = PBXFileReference; lastKnownFileType = sourcecode.swift; path = ViewController.swift; sourceTree = "<group>"; };
		1ED52D74263B2C45000229C0 /* Base */ = {isa = PBXFileReference; lastKnownFileType = file.storyboard; name = Base; path = Base.lproj/Main.storyboard; sourceTree = "<group>"; };
		1ED52D76263B2C47000229C0 /* Assets.xcassets */ = {isa = PBXFileReference; lastKnownFileType = folder.assetcatalog; path = Assets.xcassets; sourceTree = "<group>"; };
		1ED52D79263B2C47000229C0 /* Base */ = {isa = PBXFileReference; lastKnownFileType = file.storyboard; name = Base; path = Base.lproj/LaunchScreen.storyboard; sourceTree = "<group>"; };
		1ED52D7B263B2C47000229C0 /* Info.plist */ = {isa = PBXFileReference; lastKnownFileType = text.plist.xml; path = Info.plist; sourceTree = "<group>"; };
		1ED52D80263B2C47000229C0 /* ToDoListTests.xctest */ = {isa = PBXFileReference; explicitFileType = wrapper.cfbundle; includeInIndex = 0; path = ToDoListTests.xctest; sourceTree = BUILT_PRODUCTS_DIR; };
		1ED52D84263B2C47000229C0 /* ToDoListTests.swift */ = {isa = PBXFileReference; lastKnownFileType = sourcecode.swift; path = ToDoListTests.swift; sourceTree = "<group>"; };
		1ED52D86263B2C47000229C0 /* Info.plist */ = {isa = PBXFileReference; lastKnownFileType = text.plist.xml; path = Info.plist; sourceTree = "<group>"; };
		1ED52D8B263B2C47000229C0 /* ToDoListUITests.xctest */ = {isa = PBXFileReference; explicitFileType = wrapper.cfbundle; includeInIndex = 0; path = ToDoListUITests.xctest; sourceTree = BUILT_PRODUCTS_DIR; };
		1ED52D8F263B2C47000229C0 /* ToDoListUITests.swift */ = {isa = PBXFileReference; lastKnownFileType = sourcecode.swift; path = ToDoListUITests.swift; sourceTree = "<group>"; };
		1ED52D91263B2C47000229C0 /* Info.plist */ = {isa = PBXFileReference; lastKnownFileType = text.plist.xml; path = Info.plist; sourceTree = "<group>"; };
/* End PBXFileReference section */

/* Begin PBXFrameworksBuildPhase section */
		1ED52D67263B2C45000229C0 /* Frameworks */ = {
			isa = PBXFrameworksBuildPhase;
			buildActionMask = 2147483647;
			files = (
			);
			runOnlyForDeploymentPostprocessing = 0;
		};
		1ED52D7D263B2C47000229C0 /* Frameworks */ = {
			isa = PBXFrameworksBuildPhase;
			buildActionMask = 2147483647;
			files = (
			);
			runOnlyForDeploymentPostprocessing = 0;
		};
		1ED52D88263B2C47000229C0 /* Frameworks */ = {
			isa = PBXFrameworksBuildPhase;
			buildActionMask = 2147483647;
			files = (
			);
			runOnlyForDeploymentPostprocessing = 0;
		};
/* End PBXFrameworksBuildPhase section */

/* Begin PBXGroup section */
		1ED52D61263B2C45000229C0 = {
			isa = PBXGroup;
			children = (
				1ED52D6C263B2C45000229C0 /* ToDoList */,
				1ED52D83263B2C47000229C0 /* ToDoListTests */,
				1ED52D8E263B2C47000229C0 /* ToDoListUITests */,
				1ED52D6B263B2C45000229C0 /* Products */,
			);
			sourceTree = "<group>";
		};
		1ED52D6B263B2C45000229C0 /* Products */ = {
			isa = PBXGroup;
			children = (
				1ED52D6A263B2C45000229C0 /* ToDoList.app */,
				1ED52D80263B2C47000229C0 /* ToDoListTests.xctest */,
				1ED52D8B263B2C47000229C0 /* ToDoListUITests.xctest */,
			);
			name = Products;
			sourceTree = "<group>";
		};
		1ED52D6C263B2C45000229C0 /* ToDoList */ = {
			isa = PBXGroup;
			children = (
				1ED52D6D263B2C45000229C0 /* AppDelegate.swift */,
				1ED52D6F263B2C45000229C0 /* SceneDelegate.swift */,
				1ED52D71263B2C45000229C0 /* ViewController.swift */,
				1ED52D73263B2C45000229C0 /* Main.storyboard */,
				1ED52D76263B2C47000229C0 /* Assets.xcassets */,
				1ED52D78263B2C47000229C0 /* LaunchScreen.storyboard */,
				1ED52D7B263B2C47000229C0 /* Info.plist */,
			);
			path = ToDoList;
			sourceTree = "<group>";
		};
		1ED52D83263B2C47000229C0 /* ToDoListTests */ = {
			isa = PBXGroup;
			children = (
				1ED52D84263B2C47000229C0 /* ToDoListTests.swift */,
				1ED52D86263B2C47000229C0 /* Info.plist */,
			);
			path = ToDoListTests;
			sourceTree = "<group>";
		};
		1ED52D8E263B2C47000229C0 /* ToDoListUITests */ = {
			isa = PBXGroup;
			children = (
				1ED52D8F263B2C47000229C0 /* ToDoListUITests.swift */,
				1ED52D91263B2C47000229C0 /* Info.plist */,
			);
			path = ToDoListUITests;
			sourceTree = "<group>";
		};
/* End PBXGroup section */

/* Begin PBXNativeTarget section */
		1ED52D69263B2C45000229C0 /* ToDoList */ = {
			isa = PBXNativeTarget;
			buildConfigurationList = 1ED52D94263B2C47000229C0 /* Build configuration list for PBXNativeTarget "ToDoList" */;
			buildPhases = (
				1ED52D66263B2C45000229C0 /* Sources */,
				1ED52D67263B2C45000229C0 /* Frameworks */,
				1ED52D68263B2C45000229C0 /* Resources */,
			);
			buildRules = (
			);
			dependencies = (
			);
			name = ToDoList;
			productName = ToDoList;
			productReference = 1ED52D6A263B2C45000229C0 /* ToDoList.app */;
			productType = "com.apple.product-type.application";
		};
		1ED52D7F263B2C47000229C0 /* ToDoListTests */ = {
			isa = PBXNativeTarget;
			buildConfigurationList = 1ED52D97263B2C47000229C0 /* Build configuration list for PBXNativeTarget "ToDoListTests" */;
			buildPhases = (
				1ED52D7C263B2C47000229C0 /* Sources */,
				1ED52D7D263B2C47000229C0 /* Frameworks */,
				1ED52D7E263B2C47000229C0 /* Resources */,
			);
			buildRules = (
			);
			dependencies = (
				1ED52D82263B2C47000229C0 /* PBXTargetDependency */,
			);
			name = ToDoListTests;
			productName = ToDoListTests;
			productReference = 1ED52D80263B2C47000229C0 /* ToDoListTests.xctest */;
			productType = "com.apple.product-type.bundle.unit-test";
		};
		1ED52D8A263B2C47000229C0 /* ToDoListUITests */ = {
			isa = PBXNativeTarget;
			buildConfigurationList = 1ED52D9A263B2C47000229C0 /* Build configuration list for PBXNativeTarget "ToDoListUITests" */;
			buildPhases = (
				1ED52D87263B2C47000229C0 /* Sources */,
				1ED52D88263B2C47000229C0 /* Frameworks */,
				1ED52D89263B2C47000229C0 /* Resources */,
			);
			buildRules = (
			);
			dependencies = (
				1ED52D8D263B2C47000229C0 /* PBXTargetDependency */,
			);
			name = ToDoListUITests;
			productName = ToDoListUITests;
			productReference = 1ED52D8B263B2C47000229C0 /* ToDoListUITests.xctest */;
			productType = "com.apple.product-type.bundle.ui-testing";
		};
/* End PBXNativeTarget section */

/* Begin PBXProject section */
		1ED52D62263B2C45000229C0 /* Project object */ = {
			isa = PBXProject;
			attributes = {
				LastSwiftUpdateCheck = 1240;
				LastUpgradeCheck = 1240;
				TargetAttributes = {
					1ED52D69263B2C45000229C0 = {
						CreatedOnToolsVersion = 12.4;
					};
					1ED52D7F263B2C47000229C0 = {
						CreatedOnToolsVersion = 12.4;
						TestTargetID = 1ED52D69263B2C45000229C0;
					};
					1ED52D8A263B2C47000229C0 = {
						CreatedOnToolsVersion = 12.4;
						TestTargetID = 1ED52D69263B2C45000229C0;
					};
				};
			};
			buildConfigurationList = 1ED52D65263B2C45000229C0 /* Build configuration list for PBXProject "ToDoList" */;
			compatibilityVersion = "Xcode 9.3";
			developmentRegion = en;
			hasScannedForEncodings = 0;
			knownRegions = (
				en,
				Base,
			);
			mainGroup = 1ED52D61263B2C45000229C0;
			productRefGroup = 1ED52D6B263B2C45000229C0 /* Products */;
			projectDirPath = "";
			projectRoot = "";
			targets = (
				1ED52D69263B2C45000229C0 /* ToDoList */,
				1ED52D7F263B2C47000229C0 /* ToDoListTests */,
				1ED52D8A263B2C47000229C0 /* ToDoListUITests */,
			);
		};
/* End PBXProject section */

/* Begin PBXResourcesBuildPhase section */
		1ED52D68263B2C45000229C0 /* Resources */ = {
			isa = PBXResourcesBuildPhase;
			buildActionMask = 2147483647;
			files = (
				1ED52D7A263B2C47000229C0 /* LaunchScreen.storyboard in Resources */,
				1ED52D77263B2C47000229C0 /* Assets.xcassets in Resources */,
				1ED52D75263B2C45000229C0 /* Main.storyboard in Resources */,
			);
			runOnlyForDeploymentPostprocessing = 0;
		};
		1ED52D7E263B2C47000229C0 /* Resources */ = {
			isa = PBXResourcesBuildPhase;
			buildActionMask = 2147483647;
			files = (
			);
			runOnlyForDeploymentPostprocessing = 0;
		};
		1ED52D89263B2C47000229C0 /* Resources */ = {
			isa = PBXResourcesBuildPhase;
			buildActionMask = 2147483647;
			files = (
			);
			runOnlyForDeploymentPostprocessing = 0;
		};
/* End PBXResourcesBuildPhase section */

/* Begin PBXSourcesBuildPhase section */
		1ED52D66263B2C45000229C0 /* Sources */ = {
			isa = PBXSourcesBuildPhase;
			buildActionMask = 2147483647;
			files = (
				1ED52D72263B2C45000229C0 /* ViewController.swift in Sources */,
				1ED52D6E263B2C45000229C0 /* AppDelegate.swift in Sources */,
				1ED52D70263B2C45000229C0 /* SceneDelegate.swift in Sources */,
			);
			runOnlyForDeploymentPostprocessing = 0;
		};
		1ED52D7C263B2C47000229C0 /* Sources */ = {
			isa = PBXSourcesBuildPhase;
			buildActionMask = 2147483647;
			files = (
				1ED52D85263B2C47000229C0 /* ToDoListTests.swift in Sources */,
			);
			runOnlyForDeploymentPostprocessing = 0;
		};
		1ED52D87263B2C47000229C0 /* Sources */ = {
			isa = PBXSourcesBuildPhase;
			buildActionMask = 2147483647;
			files = (
				1ED52D90263B2C47000229C0 /* ToDoListUITests.swift in Sources */,
			);
			runOnlyForDeploymentPostprocessing = 0;
		};
/* End PBXSourcesBuildPhase section */

/* Begin PBXTargetDependency section */
		1ED52D82263B2C47000229C0 /* PBXTargetDependency */ = {
			isa = PBXTargetDependency;
			target = 1ED52D69263B2C45000229C0 /* ToDoList */;
			targetProxy = 1ED52D81263B2C47000229C0 /* PBXContainerItemProxy */;
		};
		1ED52D8D263B2C47000229C0 /* PBXTargetDependency */ = {
			isa = PBXTargetDependency;
			target = 1ED52D69263B2C45000229C0 /* ToDoList */;
			targetProxy = 1ED52D8C263B2C47000229C0 /* PBXContainerItemProxy */;
		};
/* End PBXTargetDependency section */

/* Begin PBXVariantGroup section */
		1ED52D73263B2C45000229C0 /* Main.storyboard */ = {
			isa = PBXVariantGroup;
			children = (
				1ED52D74263B2C45000229C0 /* Base */,
			);
			name = Main.storyboard;
			sourceTree = "<group>";
		};
		1ED52D78263B2C47000229C0 /* LaunchScreen.storyboard */ = {
			isa = PBXVariantGroup;
			children = (
				1ED52D79263B2C47000229C0 /* Base */,
			);
			name = LaunchScreen.storyboard;
			sourceTree = "<group>";
		};
/* End PBXVariantGroup section */

/* Begin XCBuildConfiguration section */
		1ED52D92263B2C47000229C0 /* Debug */ = {
			isa = XCBuildConfiguration;
			buildSettings = {
				ALWAYS_SEARCH_USER_PATHS = NO;
				CLANG_ANALYZER_NONNULL = YES;
				CLANG_ANALYZER_NUMBER_OBJECT_CONVERSION = YES_AGGRESSIVE;
				CLANG_CXX_LANGUAGE_STANDARD = "gnu++14";
				CLANG_CXX_LIBRARY = "libc++";
				CLANG_ENABLE_MODULES = YES;
				CLANG_ENABLE_OBJC_ARC = YES;
				CLANG_ENABLE_OBJC_WEAK = YES;
				CLANG_WARN_BLOCK_CAPTURE_AUTORELEASING = YES;
				CLANG_WARN_BOOL_CONVERSION = YES;
				CLANG_WARN_COMMA = YES;
				CLANG_WARN_CONSTANT_CONVERSION = YES;
				CLANG_WARN_DEPRECATED_OBJC_IMPLEMENTATIONS = YES;
				CLANG_WARN_DIRECT_OBJC_ISA_USAGE = YES_ERROR;
				CLANG_WARN_DOCUMENTATION_COMMENTS = YES;
				CLANG_WARN_EMPTY_BODY = YES;
				CLANG_WARN_ENUM_CONVERSION = YES;
				CLANG_WARN_INFINITE_RECURSION = YES;
				CLANG_WARN_INT_CONVERSION = YES;
				CLANG_WARN_NON_LITERAL_NULL_CONVERSION = YES;
				CLANG_WARN_OBJC_IMPLICIT_RETAIN_SELF = YES;
				CLANG_WARN_OBJC_LITERAL_CONVERSION = YES;
				CLANG_WARN_OBJC_ROOT_CLASS = YES_ERROR;
				CLANG_WARN_QUOTED_INCLUDE_IN_FRAMEWORK_HEADER = YES;
				CLANG_WARN_RANGE_LOOP_ANALYSIS = YES;
				CLANG_WARN_STRICT_PROTOTYPES = YES;
				CLANG_WARN_SUSPICIOUS_MOVE = YES;
				CLANG_WARN_UNGUARDED_AVAILABILITY = YES_AGGRESSIVE;
				CLANG_WARN_UNREACHABLE_CODE = YES;
				CLANG_WARN__DUPLICATE_METHOD_MATCH = YES;
				COPY_PHASE_STRIP = NO;
				DEBUG_INFORMATION_FORMAT = dwarf;
				ENABLE_STRICT_OBJC_MSGSEND = YES;
				ENABLE_TESTABILITY = YES;
				GCC_C_LANGUAGE_STANDARD = gnu11;
				GCC_DYNAMIC_NO_PIC = NO;
				GCC_NO_COMMON_BLOCKS = YES;
				GCC_OPTIMIZATION_LEVEL = 0;
				GCC_PREPROCESSOR_DEFINITIONS = (
					"DEBUG=1",
					"$(inherited)",
				);
				GCC_WARN_64_TO_32_BIT_CONVERSION = YES;
				GCC_WARN_ABOUT_RETURN_TYPE = YES_ERROR;
				GCC_WARN_UNDECLARED_SELECTOR = YES;
				GCC_WARN_UNINITIALIZED_AUTOS = YES_AGGRESSIVE;
				GCC_WARN_UNUSED_FUNCTION = YES;
				GCC_WARN_UNUSED_VARIABLE = YES;
				IPHONEOS_DEPLOYMENT_TARGET = 14.4;
				MTL_ENABLE_DEBUG_INFO = INCLUDE_SOURCE;
				MTL_FAST_MATH = YES;
				ONLY_ACTIVE_ARCH = YES;
				SDKROOT = iphoneos;
				SWIFT_ACTIVE_COMPILATION_CONDITIONS = DEBUG;
				SWIFT_OPTIMIZATION_LEVEL = "-Onone";
			};
			name = Debug;
		};
		1ED52D93263B2C47000229C0 /* Release */ = {
			isa = XCBuildConfiguration;
			buildSettings = {
				ALWAYS_SEARCH_USER_PATHS = NO;
				CLANG_ANALYZER_NONNULL = YES;
				CLANG_ANALYZER_NUMBER_OBJECT_CONVERSION = YES_AGGRESSIVE;
				CLANG_CXX_LANGUAGE_STANDARD = "gnu++14";
				CLANG_CXX_LIBRARY = "libc++";
				CLANG_ENABLE_MODULES = YES;
				CLANG_ENABLE_OBJC_ARC = YES;
				CLANG_ENABLE_OBJC_WEAK = YES;
				CLANG_WARN_BLOCK_CAPTURE_AUTORELEASING = YES;
				CLANG_WARN_BOOL_CONVERSION = YES;
				CLANG_WARN_COMMA = YES;
				CLANG_WARN_CONSTANT_CONVERSION = YES;
				CLANG_WARN_DEPRECATED_OBJC_IMPLEMENTATIONS = YES;
				CLANG_WARN_DIRECT_OBJC_ISA_USAGE = YES_ERROR;
				CLANG_WARN_DOCUMENTATION_COMMENTS = YES;
				CLANG_WARN_EMPTY_BODY = YES;
				CLANG_WARN_ENUM_CONVERSION = YES;
				CLANG_WARN_INFINITE_RECURSION = YES;
				CLANG_WARN_INT_CONVERSION = YES;
				CLANG_WARN_NON_LITERAL_NULL_CONVERSION = YES;
				CLANG_WARN_OBJC_IMPLICIT_RETAIN_SELF = YES;
				CLANG_WARN_OBJC_LITERAL_CONVERSION = YES;
				CLANG_WARN_OBJC_ROOT_CLASS = YES_ERROR;
				CLANG_WARN_QUOTED_INCLUDE_IN_FRAMEWORK_HEADER = YES;
				CLANG_WARN_RANGE_LOOP_ANALYSIS = YES;
				CLANG_WARN_STRICT_PROTOTYPES = YES;
				CLANG_WARN_SUSPICIOUS_MOVE = YES;
				CLANG_WARN_UNGUARDED_AVAILABILITY = YES_AGGRESSIVE;
				CLANG_WARN_UNREACHABLE_CODE = YES;
				CLANG_WARN__DUPLICATE_METHOD_MATCH = YES;
				COPY_PHASE_STRIP = NO;
				DEBUG_INFORMATION_FORMAT = "dwarf-with-dsym";
				ENABLE_NS_ASSERTIONS = NO;
				ENABLE_STRICT_OBJC_MSGSEND = YES;
				GCC_C_LANGUAGE_STANDARD = gnu11;
				GCC_NO_COMMON_BLOCKS = YES;
				GCC_WARN_64_TO_32_BIT_CONVERSION = YES;
				GCC_WARN_ABOUT_RETURN_TYPE = YES_ERROR;
				GCC_WARN_UNDECLARED_SELECTOR = YES;
				GCC_WARN_UNINITIALIZED_AUTOS = YES_AGGRESSIVE;
				GCC_WARN_UNUSED_FUNCTION = YES;
				GCC_WARN_UNUSED_VARIABLE = YES;
				IPHONEOS_DEPLOYMENT_TARGET = 14.4;
				MTL_ENABLE_DEBUG_INFO = NO;
				MTL_FAST_MATH = YES;
				SDKROOT = iphoneos;
				SWIFT_COMPILATION_MODE = wholemodule;
				SWIFT_OPTIMIZATION_LEVEL = "-O";
				VALIDATE_PRODUCT = YES;
			};
			name = Release;
		};
		1ED52D95263B2C47000229C0 /* Debug */ = {
			isa = XCBuildConfiguration;
			buildSettings = {
				ASSETCATALOG_COMPILER_APPICON_NAME = AppIcon;
				ASSETCATALOG_COMPILER_GLOBAL_ACCENT_COLOR_NAME = AccentColor;
				CODE_SIGN_STYLE = Automatic;
				INFOPLIST_FILE = ToDoList/Info.plist;
				LD_RUNPATH_SEARCH_PATHS = (
					"$(inherited)",
					"@executable_path/Frameworks",
				);
				PRODUCT_BUNDLE_IDENTIFIER = com.talip.ToDoList;
				PRODUCT_NAME = "$(TARGET_NAME)";
				SWIFT_VERSION = 5.0;
				TARGETED_DEVICE_FAMILY = "1,2";
			};
			name = Debug;
		};
		1ED52D96263B2C47000229C0 /* Release */ = {
			isa = XCBuildConfiguration;
			buildSettings = {
				ASSETCATALOG_COMPILER_APPICON_NAME = AppIcon;
				ASSETCATALOG_COMPILER_GLOBAL_ACCENT_COLOR_NAME = AccentColor;
				CODE_SIGN_STYLE = Automatic;
				INFOPLIST_FILE = ToDoList/Info.plist;
				LD_RUNPATH_SEARCH_PATHS = (
					"$(inherited)",
					"@executable_path/Frameworks",
				);
				PRODUCT_BUNDLE_IDENTIFIER = com.talip.ToDoList;
				PRODUCT_NAME = "$(TARGET_NAME)";
				SWIFT_VERSION = 5.0;
				TARGETED_DEVICE_FAMILY = "1,2";
			};
			name = Release;
		};
		1ED52D98263B2C47000229C0 /* Debug */ = {
			isa = XCBuildConfiguration;
			buildSettings = {
				ALWAYS_EMBED_SWIFT_STANDARD_LIBRARIES = YES;
				BUNDLE_LOADER = "$(TEST_HOST)";
				CODE_SIGN_STYLE = Automatic;
				INFOPLIST_FILE = ToDoListTests/Info.plist;
				IPHONEOS_DEPLOYMENT_TARGET = 14.4;
				LD_RUNPATH_SEARCH_PATHS = (
					"$(inherited)",
					"@executable_path/Frameworks",
					"@loader_path/Frameworks",
				);
				PRODUCT_BUNDLE_IDENTIFIER = com.talip.ToDoListTests;
				PRODUCT_NAME = "$(TARGET_NAME)";
				SWIFT_VERSION = 5.0;
				TARGETED_DEVICE_FAMILY = "1,2";
				TEST_HOST = "$(BUILT_PRODUCTS_DIR)/ToDoList.app/ToDoList";
			};
			name = Debug;
		};
		1ED52D99263B2C47000229C0 /* Release */ = {
			isa = XCBuildConfiguration;
			buildSettings = {
				ALWAYS_EMBED_SWIFT_STANDARD_LIBRARIES = YES;
				BUNDLE_LOADER = "$(TEST_HOST)";
				CODE_SIGN_STYLE = Automatic;
				INFOPLIST_FILE = ToDoListTests/Info.plist;
				IPHONEOS_DEPLOYMENT_TARGET = 14.4;
				LD_RUNPATH_SEARCH_PATHS = (
					"$(inherited)",
					"@executable_path/Frameworks",
					"@loader_path/Frameworks",
				);
				PRODUCT_BUNDLE_IDENTIFIER = com.talip.ToDoListTests;
				PRODUCT_NAME = "$(TARGET_NAME)";
				SWIFT_VERSION = 5.0;
				TARGETED_DEVICE_FAMILY = "1,2";
				TEST_HOST = "$(BUILT_PRODUCTS_DIR)/ToDoList.app/ToDoList";
			};
			name = Release;
		};
		1ED52D9B263B2C47000229C0 /* Debug */ = {
			isa = XCBuildConfiguration;
			buildSettings = {
				ALWAYS_EMBED_SWIFT_STANDARD_LIBRARIES = YES;
				CODE_SIGN_STYLE = Automatic;
				INFOPLIST_FILE = ToDoListUITests/Info.plist;
				LD_RUNPATH_SEARCH_PATHS = (
					"$(inherited)",
					"@executable_path/Frameworks",
					"@loader_path/Frameworks",
				);
				PRODUCT_BUNDLE_IDENTIFIER = com.talip.ToDoListUITests;
				PRODUCT_NAME = "$(TARGET_NAME)";
				SWIFT_VERSION = 5.0;
				TARGETED_DEVICE_FAMILY = "1,2";
				TEST_TARGET_NAME = ToDoList;
			};
			name = Debug;
		};
		1ED52D9C263B2C47000229C0 /* Release */ = {
			isa = XCBuildConfiguration;
			buildSettings = {
				ALWAYS_EMBED_SWIFT_STANDARD_LIBRARIES = YES;
				CODE_SIGN_STYLE = Automatic;
				INFOPLIST_FILE = ToDoListUITests/Info.plist;
				LD_RUNPATH_SEARCH_PATHS = (
					"$(inherited)",
					"@executable_path/Frameworks",
					"@loader_path/Frameworks",
				);
				PRODUCT_BUNDLE_IDENTIFIER = com.talip.ToDoListUITests;
				PRODUCT_NAME = "$(TARGET_NAME)";
				SWIFT_VERSION = 5.0;
				TARGETED_DEVICE_FAMILY = "1,2";
				TEST_TARGET_NAME = ToDoList;
			};
			name = Release;
		};
/* End XCBuildConfiguration section */

/* Begin XCConfigurationList section */
		1ED52D65263B2C45000229C0 /* Build configuration list for PBXProject "ToDoList" */ = {
			isa = XCConfigurationList;
			buildConfigurations = (
				1ED52D92263B2C47000229C0 /* Debug */,
				1ED52D93263B2C47000229C0 /* Release */,
			);
			defaultConfigurationIsVisible = 0;
			defaultConfigurationName = Release;
		};
		1ED52D94263B2C47000229C0 /* Build configuration list for PBXNativeTarget "ToDoList" */ = {
			isa = XCConfigurationList;
			buildConfigurations = (
				1ED52D95263B2C47000229C0 /* Debug */,
				1ED52D96263B2C47000229C0 /* Release */,
			);
			defaultConfigurationIsVisible = 0;
			defaultConfigurationName = Release;
		};
		1ED52D97263B2C47000229C0 /* Build configuration list for PBXNativeTarget "ToDoListTests" */ = {
			isa = XCConfigurationList;
			buildConfigurations = (
				1ED52D98263B2C47000229C0 /* Debug */,
				1ED52D99263B2C47000229C0 /* Release */,
			);
			defaultConfigurationIsVisible = 0;
			defaultConfigurationName = Release;
		};
		1ED52D9A263B2C47000229C0 /* Build configuration list for PBXNativeTarget "ToDoListUITests" */ = {
			isa = XCConfigurationList;
			buildConfigurations = (
				1ED52D9B263B2C47000229C0 /* Debug */,
				1ED52D9C263B2C47000229C0 /* Release */,
			);
			defaultConfigurationIsVisible = 0;
			defaultConfigurationName = Release;
		};
/* End XCConfigurationList section */
	};
	rootObject = 1ED52D62263B2C45000229C0 /* Project object */;
}
